
Microsoft Visual Studio Solution File, Format Version 12.00
# Visual Studio Version 17
VisualStudioVersion = 17.3.32929.385
MinimumVisualStudioVersion = 10.0.40219.1
Project("{9A19103F-16F7-4668-BE54-9A1E7A4F7556}") = "Announcement Web API", "Announcement Web API.csproj", "{2EE6C7FD-43CE-407E-977F-7A828E217BA6}"
EndProject
Project("{9A19103F-16F7-4668-BE54-9A1E7A4F7556}") = "Announcement Web API.Tests", "..\Announcement Web API.Tests\Announcement Web API.Tests.csproj", "{008D821E-3211-4A2A-9F11-53F73495A949}"
EndProject
Global
	GlobalSection(SolutionConfigurationPlatforms) = preSolution
		Debug|Any CPU = Debug|Any CPU
		Release|Any CPU = Release|Any CPU
	EndGlobalSection
	GlobalSection(ProjectConfigurationPlatforms) = postSolution
		{2EE6C7FD-43CE-407E-977F-7A828E217BA6}.Debug|Any CPU.ActiveCfg = Debug|Any CPU
		{2EE6C7FD-43CE-407E-977F-7A828E217BA6}.Debug|Any CPU.Build.0 = Debug|Any CPU
		{2EE6C7FD-43CE-407E-977F-7A828E217BA6}.Release|Any CPU.ActiveCfg = Release|Any CPU
		{2EE6C7FD-43CE-407E-977F-7A828E217BA6}.Release|Any CPU.Build.0 = Release|Any CPU
		{008D821E-3211-4A2A-9F11-53F73495A949}.Debug|Any CPU.ActiveCfg = Debug|Any CPU
		{008D821E-3211-4A2A-9F11-53F73495A949}.Debug|Any CPU.Build.0 = Debug|Any CPU
		{008D821E-3211-4A2A-9F11-53F73495A949}.Release|Any CPU.ActiveCfg = Release|Any CPU
		{008D821E-3211-4A2A-9F11-53F73495A949}.Release|Any CPU.Build.0 = Release|Any CPU
	EndGlobalSection
	GlobalSection(SolutionProperties) = preSolution
		HideSolutionNode = FALSE
	EndGlobalSection
	GlobalSection(ExtensibilityGlobals) = postSolution
		SolutionGuid = {1CE16887-B6AC-422A-A243-9DE8AE107D0A}
	EndGlobalSection
EndGlobal
